Microsoft Visual Studio Solution File, Format Version 12.00
# Visual Studio 15
VisualStudioVersion = 15.0.26124.0
MinimumVisualStudioVersion = 15.0.26124.0
Project("{9A19103F-16F7-4668-BE54-9A1E7A4F7556}") = "ProjectRenamer.Api", "ProjectRenamer.Api\ProjectRenamer.Api.csproj", "{28609A68-B94C-4E36-8FA3-3EA546EC1B0C}"
EndProject
Project("{2150E333-8FDC-42A3-9474-1A3956D46DE8}") = "Tests", "Tests", "{E2522F12-B99B-4D6E-8F1F-11F2EB743CE4}"
EndProject
Project("{FAE04EC0-301F-11D3-BF4B-00C04F79EFBC}") = "ProjectRenamer.Api.Test", "ProjectRenamer.Api.Test\ProjectRenamer.Api.Test.csproj", "{AC3352DB-ED79-4F5F-9C62-E7A47D0B74D1}"
EndProject
Global
	GlobalSection(SolutionConfigurationPlatforms) = preSolution
		Debug|Any CPU = Debug|Any CPU
		Debug|x64 = Debug|x64
		Debug|x86 = Debug|x86
		Release|Any CPU = Release|Any CPU
		Release|x64 = Release|x64
		Release|x86 = Release|x86
	EndGlobalSection
	GlobalSection(ProjectConfigurationPlatforms) = postSolution
		{28609A68-B94C-4E36-8FA3-3EA546EC1B0C}.Debug|Any CPU.ActiveCfg = Debug|Any CPU
		{28609A68-B94C-4E36-8FA3-3EA546EC1B0C}.Debug|Any CPU.Build.0 = Debug|Any CPU
		{28609A68-B94C-4E36-8FA3-3EA546EC1B0C}.Debug|x64.ActiveCfg = Debug|Any CPU
		{28609A68-B94C-4E36-8FA3-3EA546EC1B0C}.Debug|x64.Build.0 = Debug|Any CPU
		{28609A68-B94C-4E36-8FA3-3EA546EC1B0C}.Debug|x86.ActiveCfg = Debug|Any CPU
		{28609A68-B94C-4E36-8FA3-3EA546EC1B0C}.Debug|x86.Build.0 = Debug|Any CPU
		{28609A68-B94C-4E36-8FA3-3EA546EC1B0C}.Release|Any CPU.ActiveCfg = Release|Any CPU
		{28609A68-B94C-4E36-8FA3-3EA546EC1B0C}.Release|Any CPU.Build.0 = Release|Any CPU
		{28609A68-B94C-4E36-8FA3-3EA546EC1B0C}.Release|x64.ActiveCfg = Release|Any CPU
		{28609A68-B94C-4E36-8FA3-3EA546EC1B0C}.Release|x64.Build.0 = Release|Any CPU
		{28609A68-B94C-4E36-8FA3-3EA546EC1B0C}.Release|x86.ActiveCfg = Release|Any CPU
		{28609A68-B94C-4E36-8FA3-3EA546EC1B0C}.Release|x86.Build.0 = Release|Any CPU
		{AC3352DB-ED79-4F5F-9C62-E7A47D0B74D1}.Debug|Any CPU.ActiveCfg = Debug|Any CPU
		{AC3352DB-ED79-4F5F-9C62-E7A47D0B74D1}.Debug|Any CPU.Build.0 = Debug|Any CPU
		{AC3352DB-ED79-4F5F-9C62-E7A47D0B74D1}.Debug|x64.ActiveCfg = Debug|Any CPU
		{AC3352DB-ED79-4F5F-9C62-E7A47D0B74D1}.Debug|x64.Build.0 = Debug|Any CPU
		{AC3352DB-ED79-4F5F-9C62-E7A47D0B74D1}.Debug|x86.ActiveCfg = Debug|Any CPU
		{AC3352DB-ED79-4F5F-9C62-E7A47D0B74D1}.Debug|x86.Build.0 = Debug|Any CPU
		{AC3352DB-ED79-4F5F-9C62-E7A47D0B74D1}.Release|Any CPU.ActiveCfg = Release|Any CPU
		{AC3352DB-ED79-4F5F-9C62-E7A47D0B74D1}.Release|Any CPU.Build.0 = Release|Any CPU
		{AC3352DB-ED79-4F5F-9C62-E7A47D0B74D1}.Release|x64.ActiveCfg = Release|Any CPU
		{AC3352DB-ED79-4F5F-9C62-E7A47D0B74D1}.Release|x64.Build.0 = Release|Any CPU
		{AC3352DB-ED79-4F5F-9C62-E7A47D0B74D1}.Release|x86.ActiveCfg = Release|Any CPU
		{AC3352DB-ED79-4F5F-9C62-E7A47D0B74D1}.Release|x86.Build.0 = Release|Any CPU
	EndGlobalSection
	GlobalSection(SolutionProperties) = preSolution
		HideSolutionNode = FALSE
	EndGlobalSection
	GlobalSection(NestedProjects) = preSolution
		{AC3352DB-ED79-4F5F-9C62-E7A47D0B74D1} = {E2522F12-B99B-4D6E-8F1F-11F2EB743CE4}
	EndGlobalSection
	GlobalSection(ExtensibilityGlobals) = postSolution
		SolutionGuid = {C1BDC546-12E8-4E3F-9E8D-FE6D715F5EA6}
	EndGlobalSection
EndGlobal
